<?xml version="1.0" encoding="utf-8"?>
<Project ToolsVersion="4.0" xmlns="http://schemas.microsoft.com/developer/msbuild/2003">
  <ItemGroup>
    <Filter Include="Source Files">
      <UniqueIdentifier>{4FC737F1-C7A5-4376-A066-2A32D752A2FF}</UniqueIdentifier>
      <Extensions>cpp;c;cc;cxx;def;odl;idl;hpj;bat;asm;asmx</Extensions>
    </Filter>
    <Filter Include="Header Files">
      <UniqueIdentifier>{93995380-89BD-4b04-88EB-625FBE52EBFB}</UniqueIdentifier>
      <Extensions>h;hpp;hxx;hm;inl;inc;xsd</Extensions>
    </Filter>
    <Filter Include="Resource Files">
      <UniqueIdentifier>{67DA6AB6-F800-4c08-8B7A-83BB121AAD01}</UniqueIdentifier>
      <Extensions>rc;ico;cur;bmp;dlg;rc2;rct;bin;rgs;gif;jpg;jpeg;jpe;resx;tiff;tif;png;wav</Extensions>
    </Filter>
    <Filter Include="Header Files\Framework">
      <UniqueIdentifier>{2b57fd1d-7c42-475d-b4ee-dd77dd6bba52}</UniqueIdentifier>
    </Filter>
    <Filter Include="Header Files\Tests">
      <UniqueIdentifier>{0101bcde-0e34-4e26-97d9-1c98fa9a122a}</UniqueIdentifier>
    </Filter>
    <Filter Include="Source Files\Framework">
      <UniqueIdentifier>{920f187a-d67c-4df2-b56e-df6dc964d063}</UniqueIdentifier>
    </Filter>
    <Filter Include="Source Files\Tests">
      <UniqueIdentifier>{c55df028-9965-4fb2-b44c-ed2dba5ec4d2}</UniqueIdentifier>
    </Filter>
  </ItemGroup>
  <ItemGroup>
    <ClInclude Include="..\src\Framework\Arrow.h">
      <Filter>Header Files\Framework</Filter>
    </ClInclude>
    <ClInclude Include="..\src\Framework\FullscreenUI.h">
      <Filter>Header Files\Framework</Filter>
    </ClInclude>
    <ClInclude Include="..\src\Framework\Main.h">
      <Filter>Header Files\Framework</Filter>
    </ClInclude>
    <ClInclude Include="..\src\Framework\ParticleEmitter.h">
      <Filter>Header Files\Framework</Filter>
    </ClInclude>
    <ClInclude Include="..\src\Framework\ParticleParameter.h">
      <Filter>Header Files\Framework</Filter>
    </ClInclude>
    <ClInclude Include="..\src\Framework\Render.h">
      <Filter>Header Files\Framework</Filter>
    </ClInclude>
    <ClInclude Include="..\src\Framework\Test.h">
      <Filter>Header Files\Framework</Filter>
    </ClInclude>
    <ClInclude Include="..\src\Tests\AddPair.h">
      <Filter>Header Files\Tests</Filter>
    </ClInclude>
    <ClInclude Include="..\src\Tests\AntiPointy.h">
      <Filter>Header Files\Tests</Filter>
    </ClInclude>
    <ClInclude Include="..\src\Tests\ApplyForce.h">
      <Filter>Header Files\Tests</Filter>
    </ClInclude>
    <ClInclude Include="..\src\Tests\BodyTypes.h">
      <Filter>Header Files\Tests</Filter>
    </ClInclude>
    <ClInclude Include="..\src\Tests\Breakable.h">
      <Filter>Header Files\Tests</Filter>
    </ClInclude>
    <ClInclude Include="..\src\Tests\Bridge.h">
      <Filter>Header Files\Tests</Filter>
    </ClInclude>
    <ClInclude Include="..\src\Tests\BulletTest.h">
      <Filter>Header Files\Tests</Filter>
    </ClInclude>
    <ClInclude Include="..\src\Tests\Cantilever.h">
      <Filter>Header Files\Tests</Filter>
    </ClInclude>
    <ClInclude Include="..\src\Tests\Car.h">
      <Filter>Header Files\Tests</Filter>
    </ClInclude>
    <ClInclude Include="..\src\Tests\Chain.h">
      <Filter>Header Files\Tests</Filter>
    </ClInclude>
    <ClInclude Include="..\src\Tests\CharacterCollision.h">
      <Filter>Header Files\Tests</Filter>
    </ClInclude>
    <ClInclude Include="..\src\Tests\CollisionFiltering.h">
      <Filter>Header Files\Tests</Filter>
    </ClInclude>
    <ClInclude Include="..\src\Tests\CollisionProcessing.h">
      <Filter>Header Files\Tests</Filter>
    </ClInclude>
    <ClInclude Include="..\src\Tests\CompoundShapes.h">
      <Filter>Header Files\Tests</Filter>
    </ClInclude>
    <ClInclude Include="..\src\Tests\Confined.h">
      <Filter>Header Files\Tests</Filter>
    </ClInclude>
    <ClInclude Include="..\src\Tests\ContinuousTest.h">
      <Filter>Header Files\Tests</Filter>
    </ClInclude>
    <ClInclude Include="..\src\Tests\ConvexHull.h">
      <Filter>Header Files\Tests</Filter>
    </ClInclude>
    <ClInclude Include="..\src\Tests\ConveyorBelt.h">
      <Filter>Header Files\Tests</Filter>
    </ClInclude>
    <ClInclude Include="..\src\Tests\CornerCase.h">
      <Filter>Header Files\Tests</Filter>
    </ClInclude>
    <ClInclude Include="..\src\Tests\DamBreak.h">
      <Filter>Header Files\Tests</Filter>
    </ClInclude>
    <ClInclude Include="..\src\Tests\DistanceTest.h">
      <Filter>Header Files\Tests</Filter>
    </ClInclude>
    <ClInclude Include="..\src\Tests\Dominos.h">
      <Filter>Header Files\Tests</Filter>
    </ClInclude>
    <ClInclude Include="..\src\Tests\DrawingParticles.h">
      <Filter>Header Files\Tests</Filter>
    </ClInclude>
    <ClInclude Include="..\src\Tests\DumpShell.h">
      <Filter>Header Files\Tests</Filter>
    </ClInclude>
    <ClInclude Include="..\src\Tests\DynamicTreeTest.h">
      <Filter>Header Files\Tests</Filter>
    </ClInclude>
    <ClInclude Include="..\src\Tests\EdgeShapes.h">
      <Filter>Header Files\Tests</Filter>
    </ClInclude>
    <ClInclude Include="..\src\Tests\EdgeTest.h">
      <Filter>Header Files\Tests</Filter>
    </ClInclude>
    <ClInclude Include="..\src\Tests\ElasticParticles.h">
      <Filter>Header Files\Tests</Filter>
    </ClInclude>
    <ClInclude Include="..\src\Tests\Faucet.h">
      <Filter>Header Files\Tests</Filter>
    </ClInclude>
    <ClInclude Include="..\src\Tests\Fracker.h">
      <Filter>Header Files\Tests</Filter>
    </ClInclude>
    <ClInclude Include="..\src\Tests\Gears.h">
      <Filter>Header Files\Tests</Filter>
    </ClInclude>
    <ClInclude Include="..\src\Tests\Impulse.h">
      <Filter>Header Files\Tests</Filter>
    </ClInclude>
    <ClInclude Include="..\src\Tests\LiquidTimer.h">
      <Filter>Header Files\Tests</Filter>
    </ClInclude>
    <ClInclude Include="..\src\Tests\Maxwell.h">
      <Filter>Header Files\Tests</Filter>
    </ClInclude>
    <ClInclude Include="..\src\Tests\Mobile.h">
      <Filter>Header Files\Tests</Filter>
    </ClInclude>
    <ClInclude Include="..\src\Tests\MobileBalanced.h">
      <Filter>Header Files\Tests</Filter>
    </ClInclude>
    <ClInclude Include="..\src\Tests\MotorJoint.h">
      <Filter>Header Files\Tests</Filter>
    </ClInclude>
    <ClInclude Include="..\src\Tests\MultipleParticleSystems.h">
      <Filter>Header Files\Tests</Filter>
    </ClInclude>
    <ClInclude Include="..\src\Tests\OneSidedPlatform.h">
      <Filter>Header Files\Tests</Filter>
    </ClInclude>
    <ClInclude Include="..\src\Tests\ParticleCollisionFilter.h">
      <Filter>Header Files\Tests</Filter>
    </ClInclude>
    <ClInclude Include="..\src\Tests\Particles.h">
      <Filter>Header Files\Tests</Filter>
    </ClInclude>
    <ClInclude Include="..\src\Tests\ParticlesSurfaceTension.h">
      <Filter>Header Files\Tests</Filter>
    </ClInclude>
    <ClInclude Include="..\src\Tests\Pinball.h">
      <Filter>Header Files\Tests</Filter>
    </ClInclude>
    <ClInclude Include="..\src\Tests\Pointy.h">
      <Filter>Header Files\Tests</Filter>
    </ClInclude>
    <ClInclude Include="..\src\Tests\PolyCollision.h">
      <Filter>Header Files\Tests</Filter>
    </ClInclude>
    <ClInclude Include="..\src\Tests\PolyShapes.h">
      <Filter>Header Files\Tests</Filter>
    </ClInclude>
    <ClInclude Include="..\src\Tests\Prismatic.h">
      <Filter>Header Files\Tests</Filter>
    </ClInclude>
    <ClInclude Include="..\src\Tests\Pulleys.h">
      <Filter>Header Files\Tests</Filter>
    </ClInclude>
    <ClInclude Include="..\src\Tests\Pyramid.h">
      <Filter>Header Files\Tests</Filter>
    </ClInclude>
    <ClInclude Include="..\src\Tests\Ramp.h">
      <Filter>Header Files\Tests</Filter>
    </ClInclude>
    <ClInclude Include="..\src\Tests\RayCast.h">
      <Filter>Header Files\Tests</Filter>
    </ClInclude>
    <ClInclude Include="..\src\Tests\Revolute.h">
      <Filter>Header Files\Tests</Filter>
    </ClInclude>
    <ClInclude Include="..\src\Tests\RigidParticles.h">
      <Filter>Header Files\Tests</Filter>
    </ClInclude>
    <ClInclude Include="..\src\Tests\Rope.h">
      <Filter>Header Files\Tests</Filter>
    </ClInclude>
    <ClInclude Include="..\src\Tests\RopeJoint.h">
      <Filter>Header Files\Tests</Filter>
    </ClInclude>
    <ClInclude Include="..\src\Tests\Sandbox.h">
      <Filter>Header Files\Tests</Filter>
    </ClInclude>
    <ClInclude Include="..\src\Tests\SensorTest.h">
      <Filter>Header Files\Tests</Filter>
    </ClInclude>
    <ClInclude Include="..\src\Tests\ShapeEditing.h">
      <Filter>Header Files\Tests</Filter>
    </ClInclude>
    <ClInclude Include="..\src\Tests\SliderCrank.h">
      <Filter>Header Files\Tests</Filter>
    </ClInclude>
    <ClInclude Include="..\src\Tests\Soup.h">
      <Filter>Header Files\Tests</Filter>
    </ClInclude>
    <ClInclude Include="..\src\Tests\SoupStirrer.h">
      <Filter>Header Files\Tests</Filter>
    </ClInclude>
    <ClInclude Include="..\src\Tests\Sparky.h">
      <Filter>Header Files\Tests</Filter>
    </ClInclude>
    <ClInclude Include="..\src\Tests\SphereStack.h">
      <Filter>Header Files\Tests</Filter>
    </ClInclude>
    <ClInclude Include="..\src\Tests\TheoJansen.h">
      <Filter>Header Files\Tests</Filter>
    </ClInclude>
    <ClInclude Include="..\src\Tests\Tiles.h">
      <Filter>Header Files\Tests</Filter>
    </ClInclude>
    <ClInclude Include="..\src\Tests\TimeOfImpact.h">
      <Filter>Header Files\Tests</Filter>
    </ClInclude>
    <ClInclude Include="..\src\Tests\Tumbler.h">
      <Filter>Header Files\Tests</Filter>
    </ClInclude>
    <ClInclude Include="..\src\Tests\VaryingFriction.h">
      <Filter>Header Files\Tests</Filter>
    </ClInclude>
    <ClInclude Include="..\src\Tests\VaryingRestitution.h">
      <Filter>Header Files\Tests</Filter>
    </ClInclude>
    <ClInclude Include="..\src\Tests\VerticalStack.h">
      <Filter>Header Files\Tests</Filter>
    </ClInclude>
    <ClInclude Include="..\src\Tests\WaveMachine.h">
      <Filter>Header Files\Tests</Filter>
    </ClInclude>
    <ClInclude Include="..\src\Tests\Web.h">
      <Filter>Header Files\Tests</Filter>
    </ClInclude>
  </ItemGroup>
  <ItemGroup>
    <ClCompile Include="..\src\Framework\Arrow.cpp">
      <Filter>Source Files\Framework</Filter>
    </ClCompile>
    <ClCompile Include="..\src\Framework\FullscreenUI.cpp">
      <Filter>Source Files\Framework</Filter>
    </ClCompile>
    <ClCompile Include="..\src\Framework\Main.cpp">
      <Filter>Source Files\Framework</Filter>
    </ClCompile>
    <ClCompile Include="..\src\Framework\ParticleParameter.cpp">
      <Filter>Source Files\Framework</Filter>
    </ClCompile>
    <ClCompile Include="..\src\Framework\Render.cpp">
      <Filter>Source Files\Framework</Filter>
    </ClCompile>
    <ClCompile Include="..\src\Framework\Test.cpp">
      <Filter>Source Files\Framework</Filter>
    </ClCompile>
    <ClCompile Include="..\src\Tests\TestEntries.cpp">
      <Filter>Source Files\Tests</Filter>
    </ClCompile>
  </ItemGroup>
</Project>